<Solution>
  <Folder Name="/docs/" />
  <Folder Name="/docs/architecture/">
    <File Path="docs/architecture/auth-server.md" />
  </Folder>
  <Folder Name="/docs/src/">
    <File Path="docs/src/README.md" />
  </Folder>
  <Folder Name="/items/">
    <File Path=".editorconfig" />
    <File Path=".gitattributes" />
    <File Path=".gitignore" />
    <File Path="CLAUDE.md" />
    <File Path="Directory.Build.props" />
    <File Path="Directory.Packages.props" />
    <File Path="LICENSE" />
    <File Path="README.md" />
  </Folder>
  <Folder Name="/src/" />
  <Folder Name="/src/libs/">
    <Project Path="src/libs/Dtoriki.Data.Core/Dtoriki.Data.Core.csproj" />
  </Folder>
  <Folder Name="/tests/">
    <Project Path="tests/Dtoriki.Data.Core.Tests/Dtoriki.Data.Core.Tests.csproj" />
  </Folder>
  <Folder Name="/tests/items/">
    <File Path="tests/Directory.Build.props" />
  </Folder>
  <Folder Name="/tools/">
    <Project Path="tools/MigrationHelp.Common/MigrationHelp.Common.csproj" />
    <Project Path="tools/MigrationHelp.Design/MigrationHelp.Design.csproj" />
    <Project Path="tools/MigrationHelp/MigrationHelp.csproj" />
  </Folder>
</Solution>
